// !$*UTF8*$!
{
	archiveVersion = 1;
	classes = {
	};
	objectVersion = 55;
	objects = {

/* Begin PBXBuildFile section */
		5218F0F6284E614B00DFDFF5 /* QuizProgressView.swift in Sources */ = {isa = PBXBuildFile; fileRef = 5218F0F5284E614B00DFDFF5 /* QuizProgressView.swift */; };
		5218F0F8284E71D000DFDFF5 /* TrueFalseTestView.swift in Sources */ = {isa = PBXBuildFile; fileRef = 5218F0F7284E71D000DFDFF5 /* TrueFalseTestView.swift */; };
		5218F0FB284E927700DFDFF5 /* SPConfetti in Frameworks */ = {isa = PBXBuildFile; productRef = 5218F0FA284E927700DFDFF5 /* SPConfetti */; };
		5218F0FD284E92EB00DFDFF5 /* SuccessTestAlertView.swift in Sources */ = {isa = PBXBuildFile; fileRef = 5218F0FC284E92EB00DFDFF5 /* SuccessTestAlertView.swift */; };
		5218F0FF284E9BCE00DFDFF5 /* ErrorTestAlertView.swift in Sources */ = {isa = PBXBuildFile; fileRef = 5218F0FE284E9BCE00DFDFF5 /* ErrorTestAlertView.swift */; };
		5218F105284EB16C00DFDFF5 /* StoreKit.framework in Frameworks */ = {isa = PBXBuildFile; fileRef = 5218F104284EB16C00DFDFF5 /* StoreKit.framework */; };
		524AEBC32843844D006D823C /* UITableViewCell + Extensions.swift in Sources */ = {isa = PBXBuildFile; fileRef = 524AEBC02843844D006D823C /* UITableViewCell + Extensions.swift */; };
		524AEBC42843844D006D823C /* String + Extensions.swift in Sources */ = {isa = PBXBuildFile; fileRef = 524AEBC12843844D006D823C /* String + Extensions.swift */; };
		524AEBC52843844D006D823C /* UICollectionViewCell + Extensions.swift in Sources */ = {isa = PBXBuildFile; fileRef = 524AEBC22843844D006D823C /* UICollectionViewCell + Extensions.swift */; };
		524AEBC72843846D006D823C /* Names.swift in Sources */ = {isa = PBXBuildFile; fileRef = 524AEBC62843846D006D823C /* Names.swift */; };
		524AEBC928438475006D823C /* TabBarController.swift in Sources */ = {isa = PBXBuildFile; fileRef = 524AEBC828438475006D823C /* TabBarController.swift */; };
		524AEBDA284384D9006D823C /* SponserCell.swift in Sources */ = {isa = PBXBuildFile; fileRef = 524AEBD4284384D9006D823C /* SponserCell.swift */; };
		524AEBDB284384D9006D823C /* TopicCell.swift in Sources */ = {isa = PBXBuildFile; fileRef = 524AEBD5284384D9006D823C /* TopicCell.swift */; };
		524AEBDC284384D9006D823C /* NameCell.xib in Resources */ = {isa = PBXBuildFile; fileRef = 524AEBD6284384D9006D823C /* NameCell.xib */; };
		524AEBDD284384D9006D823C /* SponserCell.xib in Resources */ = {isa = PBXBuildFile; fileRef = 524AEBD7284384D9006D823C /* SponserCell.xib */; };
		524AEBDE284384D9006D823C /* TopicCell.xib in Resources */ = {isa = PBXBuildFile; fileRef = 524AEBD8284384D9006D823C /* TopicCell.xib */; };
		524AEBDF284384D9006D823C /* NameCell.swift in Sources */ = {isa = PBXBuildFile; fileRef = 524AEBD9284384D9006D823C /* NameCell.swift */; };
		524AEBE1284384E1006D823C /* HomeViewController.swift in Sources */ = {isa = PBXBuildFile; fileRef = 524AEBE0284384E1006D823C /* HomeViewController.swift */; };
		524AEBE3284384EB006D823C /* NameView.swift in Sources */ = {isa = PBXBuildFile; fileRef = 524AEBE2284384EB006D823C /* NameView.swift */; };
		524AEBE5284384F1006D823C /* TopicViewController.swift in Sources */ = {isa = PBXBuildFile; fileRef = 524AEBE4284384F1006D823C /* TopicViewController.swift */; };
		524AEBE7284384FD006D823C /* LessonViewController.swift in Sources */ = {isa = PBXBuildFile; fileRef = 524AEBE6284384FD006D823C /* LessonViewController.swift */; };
		524AEBEB28438506006D823C /* TestViewController.swift in Sources */ = {isa = PBXBuildFile; fileRef = 524AEBE928438506006D823C /* TestViewController.swift */; };
		524AEBEE2843850F006D823C /* ZikrsViewController.swift in Sources */ = {isa = PBXBuildFile; fileRef = 524AEBEC2843850F006D823C /* ZikrsViewController.swift */; };
		524AEBEF2843850F006D823C /* ZikrsViewController.xib in Resources */ = {isa = PBXBuildFile; fileRef = 524AEBED2843850F006D823C /* ZikrsViewController.xib */; };
		524AEBF228438516006D823C /* StatisticsViewController.xib in Resources */ = {isa = PBXBuildFile; fileRef = 524AEBF028438516006D823C /* StatisticsViewController.xib */; };
		524AEBF328438516006D823C /* StatisticsViewController.swift in Sources */ = {isa = PBXBuildFile; fileRef = 524AEBF128438516006D823C /* StatisticsViewController.swift */; };
		524AEBF628438525006D823C /* SettingsCell.swift in Sources */ = {isa = PBXBuildFile; fileRef = 524AEBF428438525006D823C /* SettingsCell.swift */; };
		524AEBF728438525006D823C /* 56TableViewCell.swift in Sources */ = {isa = PBXBuildFile; fileRef = 524AEBF528438525006D823C /* 56TableViewCell.swift */; };
		524AEBF92843852B006D823C /* SettingsViewController.swift in Sources */ = {isa = PBXBuildFile; fileRef = 524AEBF82843852B006D823C /* SettingsViewController.swift */; };
		524AEBFC2843858E006D823C /* Stevia in Frameworks */ = {isa = PBXBuildFile; productRef = 524AEBFB2843858E006D823C /* Stevia */; };
		52900CE6284EBD090023A998 /* IAPManager.swift in Sources */ = {isa = PBXBuildFile; fileRef = 52900CE5284EBD090023A998 /* IAPManager.swift */; };
		529E2DF62843832600974B1E /* AppDelegate.swift in Sources */ = {isa = PBXBuildFile; fileRef = 529E2DF52843832600974B1E /* AppDelegate.swift */; };
		529E2DF82843832600974B1E /* SceneDelegate.swift in Sources */ = {isa = PBXBuildFile; fileRef = 529E2DF72843832600974B1E /* SceneDelegate.swift */; };
		529E2DFF2843832700974B1E /* Assets.xcassets in Resources */ = {isa = PBXBuildFile; fileRef = 529E2DFE2843832700974B1E /* Assets.xcassets */; };
		529E2E022843832700974B1E /* LaunchScreen.storyboard in Resources */ = {isa = PBXBuildFile; fileRef = 529E2E002843832700974B1E /* LaunchScreen.storyboard */; };
		52AF78F128452F3900DA424B /* TopicClosedView.swift in Sources */ = {isa = PBXBuildFile; fileRef = 52AF78F028452F3900DA424B /* TopicClosedView.swift */; };
		52BD8210284412A7000A9E61 /* Realm in Frameworks */ = {isa = PBXBuildFile; productRef = 52BD820F284412A7000A9E61 /* Realm */; };
		52BD8212284412A7000A9E61 /* RealmSwift in Frameworks */ = {isa = PBXBuildFile; productRef = 52BD8211284412A7000A9E61 /* RealmSwift */; };
		52BD8215284412B9000A9E61 /* RealmDB.swift in Sources */ = {isa = PBXBuildFile; fileRef = 52BD8214284412B9000A9E61 /* RealmDB.swift */; };
		52F102092846571400ED57B2 /* QuizTestView.swift in Sources */ = {isa = PBXBuildFile; fileRef = 52F102082846571400ED57B2 /* QuizTestView.swift */; };
		52F54A822843868000F2DC0A /* Localizable.strings in Resources */ = {isa = PBXBuildFile; fileRef = 52F54A812843868000F2DC0A /* Localizable.strings */; };
		52F54A83284387CF00F2DC0A /* ScheherazadeNew-Bold.ttf in Resources */ = {isa = PBXBuildFile; fileRef = 524AEBBF28438446006D823C /* ScheherazadeNew-Bold.ttf */; };
		52F54A84284387CF00F2DC0A /* ScheherazadeNew-Regular.ttf in Resources */ = {isa = PBXBuildFile; fileRef = 524AEBBE28438446006D823C /* ScheherazadeNew-Regular.ttf */; };
/* End PBXBuildFile section */

/* Begin PBXFileReference section */
		5218F0F5284E614B00DFDFF5 /* QuizProgressView.swift */ = {isa = PBXFileReference; lastKnownFileType = sourcecode.swift; path = QuizProgressView.swift; sourceTree = "<group>"; };
		5218F0F7284E71D000DFDFF5 /* TrueFalseTestView.swift */ = {isa = PBXFileReference; lastKnownFileType = sourcecode.swift; path = TrueFalseTestView.swift; sourceTree = "<group>"; };
		5218F0FC284E92EB00DFDFF5 /* SuccessTestAlertView.swift */ = {isa = PBXFileReference; lastKnownFileType = sourcecode.swift; path = SuccessTestAlertView.swift; sourceTree = "<group>"; };
		5218F0FE284E9BCE00DFDFF5 /* ErrorTestAlertView.swift */ = {isa = PBXFileReference; lastKnownFileType = sourcecode.swift; path = ErrorTestAlertView.swift; sourceTree = "<group>"; };
		5218F104284EB16C00DFDFF5 /* StoreKit.framework */ = {isa = PBXFileReference; lastKnownFileType = wrapper.framework; name = StoreKit.framework; path = System/Library/Frameworks/StoreKit.framework; sourceTree = SDKROOT; };
		524AEBBE28438446006D823C /* ScheherazadeNew-Regular.ttf */ = {isa = PBXFileReference; lastKnownFileType = file; path = "ScheherazadeNew-Regular.ttf"; sourceTree = "<group>"; };
		524AEBBF28438446006D823C /* ScheherazadeNew-Bold.ttf */ = {isa = PBXFileReference; lastKnownFileType = file; path = "ScheherazadeNew-Bold.ttf"; sourceTree = "<group>"; };
		524AEBC02843844D006D823C /* UITableViewCell + Extensions.swift */ = {isa = PBXFileReference; fileEncoding = 4; lastKnownFileType = sourcecode.swift; path = "UITableViewCell + Extensions.swift"; sourceTree = "<group>"; };
		524AEBC12843844D006D823C /* String + Extensions.swift */ = {isa = PBXFileReference; fileEncoding = 4; lastKnownFileType = sourcecode.swift; path = "String + Extensions.swift"; sourceTree = "<group>"; };
		524AEBC22843844D006D823C /* UICollectionViewCell + Extensions.swift */ = {isa = PBXFileReference; fileEncoding = 4; lastKnownFileType = sourcecode.swift; path = "UICollectionViewCell + Extensions.swift"; sourceTree = "<group>"; };
		524AEBC62843846D006D823C /* Names.swift */ = {isa = PBXFileReference; fileEncoding = 4; lastKnownFileType = sourcecode.swift; path = Names.swift; sourceTree = "<group>"; };
		524AEBC828438475006D823C /* TabBarController.swift */ = {isa = PBXFileReference; fileEncoding = 4; lastKnownFileType = sourcecode.swift; path = TabBarController.swift; sourceTree = "<group>"; };
		524AEBD4284384D9006D823C /* SponserCell.swift */ = {isa = PBXFileReference; fileEncoding = 4; lastKnownFileType = sourcecode.swift; path = SponserCell.swift; sourceTree = "<group>"; };
		524AEBD5284384D9006D823C /* TopicCell.swift */ = {isa = PBXFileReference; fileEncoding = 4; lastKnownFileType = sourcecode.swift; path = TopicCell.swift; sourceTree = "<group>"; };
		524AEBD6284384D9006D823C /* NameCell.xib */ = {isa = PBXFileReference; fileEncoding = 4; lastKnownFileType = file.xib; path = NameCell.xib; sourceTree = "<group>"; };
		524AEBD7284384D9006D823C /* SponserCell.xib */ = {isa = PBXFileReference; fileEncoding = 4; lastKnownFileType = file.xib; path = SponserCell.xib; sourceTree = "<group>"; };
		524AEBD8284384D9006D823C /* TopicCell.xib */ = {isa = PBXFileReference; fileEncoding = 4; lastKnownFileType = file.xib; path = TopicCell.xib; sourceTree = "<group>"; };
		524AEBD9284384D9006D823C /* NameCell.swift */ = {isa = PBXFileReference; fileEncoding = 4; lastKnownFileType = sourcecode.swift; path = NameCell.swift; sourceTree = "<group>"; };
		524AEBE0284384E1006D823C /* HomeViewController.swift */ = {isa = PBXFileReference; fileEncoding = 4; lastKnownFileType = sourcecode.swift; path = HomeViewController.swift; sourceTree = "<group>"; };
		524AEBE2284384EB006D823C /* NameView.swift */ = {isa = PBXFileReference; fileEncoding = 4; lastKnownFileType = sourcecode.swift; path = NameView.swift; sourceTree = "<group>"; };
		524AEBE4284384F1006D823C /* TopicViewController.swift */ = {isa = PBXFileReference; fileEncoding = 4; lastKnownFileType = sourcecode.swift; path = TopicViewController.swift; sourceTree = "<group>"; };
		524AEBE6284384FD006D823C /* LessonViewController.swift */ = {isa = PBXFileReference; fileEncoding = 4; lastKnownFileType = sourcecode.swift; path = LessonViewController.swift; sourceTree = "<group>"; };
		524AEBE928438506006D823C /* TestViewController.swift */ = {isa = PBXFileReference; fileEncoding = 4; lastKnownFileType = sourcecode.swift; path = TestViewController.swift; sourceTree = "<group>"; };
		524AEBEC2843850F006D823C /* ZikrsViewController.swift */ = {isa = PBXFileReference; fileEncoding = 4; lastKnownFileType = sourcecode.swift; path = ZikrsViewController.swift; sourceTree = "<group>"; };
		524AEBED2843850F006D823C /* ZikrsViewController.xib */ = {isa = PBXFileReference; fileEncoding = 4; lastKnownFileType = file.xib; path = ZikrsViewController.xib; sourceTree = "<group>"; };
		524AEBF028438516006D823C /* StatisticsViewController.xib */ = {isa = PBXFileReference; fileEncoding = 4; lastKnownFileType = file.xib; path = StatisticsViewController.xib; sourceTree = "<group>"; };
		524AEBF128438516006D823C /* StatisticsViewController.swift */ = {isa = PBXFileReference; fileEncoding = 4; lastKnownFileType = sourcecode.swift; path = StatisticsViewController.swift; sourceTree = "<group>"; };
		524AEBF428438525006D823C /* SettingsCell.swift */ = {isa = PBXFileReference; fileEncoding = 4; lastKnownFileType = sourcecode.swift; path = SettingsCell.swift; sourceTree = "<group>"; };
		524AEBF528438525006D823C /* 56TableViewCell.swift */ = {isa = PBXFileReference; fileEncoding = 4; lastKnownFileType = sourcecode.swift; path = 56TableViewCell.swift; sourceTree = "<group>"; };
		524AEBF82843852B006D823C /* SettingsViewController.swift */ = {isa = PBXFileReference; fileEncoding = 4; lastKnownFileType = sourcecode.swift; path = SettingsViewController.swift; sourceTree = "<group>"; };
		524AEBFD28438630006D823C /* ru */ = {isa = PBXFileReference; lastKnownFileType = text.plist.strings; name = ru; path = ru.lproj/LaunchScreen.strings; sourceTree = "<group>"; };
		52900CE5284EBD090023A998 /* IAPManager.swift */ = {isa = PBXFileReference; lastKnownFileType = sourcecode.swift; path = IAPManager.swift; sourceTree = "<group>"; };
		529E2DF22843832600974B1E /* Rawdah.app */ = {isa = PBXFileReference; explicitFileType = wrapper.application; includeInIndex = 0; path = Rawdah.app; sourceTree = BUILT_PRODUCTS_DIR; };
		529E2DF52843832600974B1E /* AppDelegate.swift */ = {isa = PBXFileReference; lastKnownFileType = sourcecode.swift; path = AppDelegate.swift; sourceTree = "<group>"; };
		529E2DF72843832600974B1E /* SceneDelegate.swift */ = {isa = PBXFileReference; lastKnownFileType = sourcecode.swift; path = SceneDelegate.swift; sourceTree = "<group>"; };
		529E2DFE2843832700974B1E /* Assets.xcassets */ = {isa = PBXFileReference; lastKnownFileType = folder.assetcatalog; path = Assets.xcassets; sourceTree = "<group>"; };
		529E2E012843832700974B1E /* Base */ = {isa = PBXFileReference; lastKnownFileType = file.storyboard; name = Base; path = Base.lproj/LaunchScreen.storyboard; sourceTree = "<group>"; };
		529E2E032843832700974B1E /* Info.plist */ = {isa = PBXFileReference; lastKnownFileType = text.plist.xml; path = Info.plist; sourceTree = "<group>"; };
		52AF78F028452F3900DA424B /* TopicClosedView.swift */ = {isa = PBXFileReference; lastKnownFileType = sourcecode.swift; path = TopicClosedView.swift; sourceTree = "<group>"; };
		52BD8214284412B9000A9E61 /* RealmDB.swift */ = {isa = PBXFileReference; lastKnownFileType = sourcecode.swift; path = RealmDB.swift; sourceTree = "<group>"; };
		52F102082846571400ED57B2 /* QuizTestView.swift */ = {isa = PBXFileReference; lastKnownFileType = sourcecode.swift; path = QuizTestView.swift; sourceTree = "<group>"; };
		52F54A802843867800F2DC0A /* kk */ = {isa = PBXFileReference; lastKnownFileType = text.plist.strings; name = kk; path = kk.lproj/LaunchScreen.strings; sourceTree = "<group>"; };
		52F54A812843868000F2DC0A /* Localizable.strings */ = {isa = PBXFileReference; fileEncoding = 4; lastKnownFileType = text.plist.strings; path = Localizable.strings; sourceTree = "<group>"; };
/* End PBXFileReference section */

/* Begin PBXFrameworksBuildPhase section */
		529E2DEF2843832600974B1E /* Frameworks */ = {
			isa = PBXFrameworksBuildPhase;
			buildActionMask = 2147483647;
			files = (
				52BD8212284412A7000A9E61 /* RealmSwift in Frameworks */,
				5218F0FB284E927700DFDFF5 /* SPConfetti in Frameworks */,
				5218F105284EB16C00DFDFF5 /* StoreKit.framework in Frameworks */,
				52BD8210284412A7000A9E61 /* Realm in Frameworks */,
				524AEBFC2843858E006D823C /* Stevia in Frameworks */,
			);
			runOnlyForDeploymentPostprocessing = 0;
		};
/* End PBXFrameworksBuildPhase section */

/* Begin PBXGroup section */
		5218F103284EB16C00DFDFF5 /* Frameworks */ = {
			isa = PBXGroup;
			children = (
				5218F104284EB16C00DFDFF5 /* StoreKit.framework */,
			);
			name = Frameworks;
			sourceTree = "<group>";
		};
		524AEBBA2843840F006D823C /* Helpers */ = {
			isa = PBXGroup;
			children = (
				524AEBBD2843843D006D823C /* Fonts */,
				524AEBC22843844D006D823C /* UICollectionViewCell + Extensions.swift */,
				524AEBC02843844D006D823C /* UITableViewCell + Extensions.swift */,
				524AEBC12843844D006D823C /* String + Extensions.swift */,
				52900CE5284EBD090023A998 /* IAPManager.swift */,
			);
			path = Helpers;
			sourceTree = "<group>";
		};
		524AEBBB2843841B006D823C /* Models */ = {
			isa = PBXGroup;
			children = (
				524AEBC62843846D006D823C /* Names.swift */,
			);
			path = Models;
			sourceTree = "<group>";
		};
		524AEBBC28438429006D823C /* Screens */ = {
			isa = PBXGroup;
			children = (
				524AEBC828438475006D823C /* TabBarController.swift */,
				524AEBCA28438479006D823C /* Home */,
				524AEBCB2843847E006D823C /* Topic */,
				524AEBCC28438484006D823C /* Lesson */,
				524AEBCD28438488006D823C /* Test */,
				524AEBCE2843848D006D823C /* Zirks */,
				524AEBCF28438492006D823C /* Statistics */,
				524AEBD028438499006D823C /* Settings */,
			);
			path = Screens;
			sourceTree = "<group>";
		};
		524AEBBD2843843D006D823C /* Fonts */ = {
			isa = PBXGroup;
			children = (
				524AEBBF28438446006D823C /* ScheherazadeNew-Bold.ttf */,
				524AEBBE28438446006D823C /* ScheherazadeNew-Regular.ttf */,
			);
			path = Fonts;
			sourceTree = "<group>";
		};
		524AEBCA28438479006D823C /* Home */ = {
			isa = PBXGroup;
			children = (
				524AEBD1284384B9006D823C /* Views */,
				524AEBE0284384E1006D823C /* HomeViewController.swift */,
			);
			path = Home;
			sourceTree = "<group>";
		};
		524AEBCB2843847E006D823C /* Topic */ = {
			isa = PBXGroup;
			children = (
				524AEBD2284384C6006D823C /* Views */,
				524AEBE4284384F1006D823C /* TopicViewController.swift */,
			);
			path = Topic;
			sourceTree = "<group>";
		};
		524AEBCC28438484006D823C /* Lesson */ = {
			isa = PBXGroup;
			children = (
				524AEBE6284384FD006D823C /* LessonViewController.swift */,
			);
			path = Lesson;
			sourceTree = "<group>";
		};
		524AEBCD28438488006D823C /* Test */ = {
			isa = PBXGroup;
			children = (
				52F1020A2846571800ED57B2 /* Views */,
				524AEBE928438506006D823C /* TestViewController.swift */,
			);
			path = Test;
			sourceTree = "<group>";
		};
		524AEBCE2843848D006D823C /* Zirks */ = {
			isa = PBXGroup;
			children = (
				524AEBEC2843850F006D823C /* ZikrsViewController.swift */,
				524AEBED2843850F006D823C /* ZikrsViewController.xib */,
			);
			path = Zirks;
			sourceTree = "<group>";
		};
		524AEBCF28438492006D823C /* Statistics */ = {
			isa = PBXGroup;
			children = (
				524AEBF128438516006D823C /* StatisticsViewController.swift */,
				524AEBF028438516006D823C /* StatisticsViewController.xib */,
			);
			path = Statistics;
			sourceTree = "<group>";
		};
		524AEBD028438499006D823C /* Settings */ = {
			isa = PBXGroup;
			children = (
				524AEBD3284384CD006D823C /* Views */,
				524AEBF82843852B006D823C /* SettingsViewController.swift */,
			);
			path = Settings;
			sourceTree = "<group>";
		};
		524AEBD1284384B9006D823C /* Views */ = {
			isa = PBXGroup;
			children = (
				524AEBD9284384D9006D823C /* NameCell.swift */,
				524AEBD6284384D9006D823C /* NameCell.xib */,
				524AEBD4284384D9006D823C /* SponserCell.swift */,
				524AEBD7284384D9006D823C /* SponserCell.xib */,
				524AEBD5284384D9006D823C /* TopicCell.swift */,
				524AEBD8284384D9006D823C /* TopicCell.xib */,
			);
			path = Views;
			sourceTree = "<group>";
		};
		524AEBD2284384C6006D823C /* Views */ = {
			isa = PBXGroup;
			children = (
				524AEBE2284384EB006D823C /* NameView.swift */,
				52AF78F028452F3900DA424B /* TopicClosedView.swift */,
			);
			path = Views;
			sourceTree = "<group>";
		};
		524AEBD3284384CD006D823C /* Views */ = {
			isa = PBXGroup;
			children = (
				524AEBF528438525006D823C /* 56TableViewCell.swift */,
				524AEBF428438525006D823C /* SettingsCell.swift */,
			);
			path = Views;
			sourceTree = "<group>";
		};
		529E2DE92843832600974B1E = {
			isa = PBXGroup;
			children = (
				529E2DF42843832600974B1E /* Rawdah */,
				529E2DF32843832600974B1E /* Products */,
				5218F103284EB16C00DFDFF5 /* Frameworks */,
			);
			sourceTree = "<group>";
		};
		529E2DF32843832600974B1E /* Products */ = {
			isa = PBXGroup;
			children = (
				529E2DF22843832600974B1E /* Rawdah.app */,
			);
			name = Products;
			sourceTree = "<group>";
		};
		529E2DF42843832600974B1E /* Rawdah */ = {
			isa = PBXGroup;
			children = (
				52BD8213284412AD000A9E61 /* Realm */,
				529E2E092843833600974B1E /* App */,
				524AEBBA2843840F006D823C /* Helpers */,
				524AEBBB2843841B006D823C /* Models */,
				524AEBBC28438429006D823C /* Screens */,
			);
			path = Rawdah;
			sourceTree = "<group>";
		};
		529E2E092843833600974B1E /* App */ = {
			isa = PBXGroup;
			children = (
				529E2DF52843832600974B1E /* AppDelegate.swift */,
				529E2DF72843832600974B1E /* SceneDelegate.swift */,
				529E2DFE2843832700974B1E /* Assets.xcassets */,
				529E2E002843832700974B1E /* LaunchScreen.storyboard */,
				529E2E032843832700974B1E /* Info.plist */,
				52F54A812843868000F2DC0A /* Localizable.strings */,
			);
			path = App;
			sourceTree = "<group>";
		};
		52BD8213284412AD000A9E61 /* Realm */ = {
			isa = PBXGroup;
			children = (
				52BD8214284412B9000A9E61 /* RealmDB.swift */,
			);
			path = Realm;
			sourceTree = "<group>";
		};
		52F1020A2846571800ED57B2 /* Views */ = {
			isa = PBXGroup;
			children = (
				52F102082846571400ED57B2 /* QuizTestView.swift */,
				5218F0F7284E71D000DFDFF5 /* TrueFalseTestView.swift */,
				5218F0F5284E614B00DFDFF5 /* QuizProgressView.swift */,
				5218F0FC284E92EB00DFDFF5 /* SuccessTestAlertView.swift */,
				5218F0FE284E9BCE00DFDFF5 /* ErrorTestAlertView.swift */,
			);
			path = Views;
			sourceTree = "<group>";
		};
/* End PBXGroup section */

/* Begin PBXNativeTarget section */
		529E2DF12843832600974B1E /* Rawdah */ = {
			isa = PBXNativeTarget;
			buildConfigurationList = 529E2E062843832700974B1E /* Build configuration list for PBXNativeTarget "Rawdah" */;
			buildPhases = (
				529E2DEE2843832600974B1E /* Sources */,
				529E2DEF2843832600974B1E /* Frameworks */,
				529E2DF02843832600974B1E /* Resources */,
			);
			buildRules = (
			);
			dependencies = (
			);
			name = Rawdah;
			packageProductDependencies = (
				524AEBFB2843858E006D823C /* Stevia */,
				52BD820F284412A7000A9E61 /* Realm */,
				52BD8211284412A7000A9E61 /* RealmSwift */,
				5218F0FA284E927700DFDFF5 /* SPConfetti */,
			);
			productName = Rawdah;
			productReference = 529E2DF22843832600974B1E /* Rawdah.app */;
			productType = "com.apple.product-type.application";
		};
/* End PBXNativeTarget section */

/* Begin PBXProject section */
		529E2DEA2843832600974B1E /* Project object */ = {
			isa = PBXProject;
			attributes = {
				BuildIndependentTargetsInParallel = 1;
				LastSwiftUpdateCheck = 1330;
				LastUpgradeCheck = 1330;
				TargetAttributes = {
					529E2DF12843832600974B1E = {
						CreatedOnToolsVersion = 13.3.1;
					};
				};
			};
			buildConfigurationList = 529E2DED2843832600974B1E /* Build configuration list for PBXProject "Rawdah" */;
			compatibilityVersion = "Xcode 13.0";
			developmentRegion = en;
			hasScannedForEncodings = 0;
			knownRegions = (
				en,
				Base,
				ru,
				kk,
			);
			mainGroup = 529E2DE92843832600974B1E;
			packageReferences = (
				524AEBFA2843858E006D823C /* XCRemoteSwiftPackageReference "Stevia" */,
				52BD820E284412A7000A9E61 /* XCRemoteSwiftPackageReference "realm-swift" */,
				5218F0F9284E927700DFDFF5 /* XCRemoteSwiftPackageReference "SPConfetti" */,
			);
			productRefGroup = 529E2DF32843832600974B1E /* Products */;
			projectDirPath = "";
			projectRoot = "";
			targets = (
				529E2DF12843832600974B1E /* Rawdah */,
			);
		};
/* End PBXProject section */

/* Begin PBXResourcesBuildPhase section */
		529E2DF02843832600974B1E /* Resources */ = {
			isa = PBXResourcesBuildPhase;
			buildActionMask = 2147483647;
			files = (
				529E2E022843832700974B1E /* LaunchScreen.storyboard in Resources */,
				529E2DFF2843832700974B1E /* Assets.xcassets in Resources */,
				524AEBEF2843850F006D823C /* ZikrsViewController.xib in Resources */,
				524AEBF228438516006D823C /* StatisticsViewController.xib in Resources */,
				52F54A84284387CF00F2DC0A /* ScheherazadeNew-Regular.ttf in Resources */,
				52F54A822843868000F2DC0A /* Localizable.strings in Resources */,
				524AEBDC284384D9006D823C /* NameCell.xib in Resources */,
				524AEBDD284384D9006D823C /* SponserCell.xib in Resources */,
				52F54A83284387CF00F2DC0A /* ScheherazadeNew-Bold.ttf in Resources */,
				524AEBDE284384D9006D823C /* TopicCell.xib in Resources */,
			);
			runOnlyForDeploymentPostprocessing = 0;
		};
/* End PBXResourcesBuildPhase section */

/* Begin PBXSourcesBuildPhase section */
		529E2DEE2843832600974B1E /* Sources */ = {
			isa = PBXSourcesBuildPhase;
			buildActionMask = 2147483647;
			files = (
				52900CE6284EBD090023A998 /* IAPManager.swift in Sources */,
				524AEBE3284384EB006D823C /* NameView.swift in Sources */,
				524AEBF92843852B006D823C /* SettingsViewController.swift in Sources */,
				52AF78F128452F3900DA424B /* TopicClosedView.swift in Sources */,
				524AEBEB28438506006D823C /* TestViewController.swift in Sources */,
				5218F0FF284E9BCE00DFDFF5 /* ErrorTestAlertView.swift in Sources */,
				524AEBDA284384D9006D823C /* SponserCell.swift in Sources */,
				524AEBC928438475006D823C /* TabBarController.swift in Sources */,
				524AEBDF284384D9006D823C /* NameCell.swift in Sources */,
				524AEBDB284384D9006D823C /* TopicCell.swift in Sources */,
				524AEBE5284384F1006D823C /* TopicViewController.swift in Sources */,
				5218F0FD284E92EB00DFDFF5 /* SuccessTestAlertView.swift in Sources */,
				52BD8215284412B9000A9E61 /* RealmDB.swift in Sources */,
				5218F0F6284E614B00DFDFF5 /* QuizProgressView.swift in Sources */,
				524AEBEE2843850F006D823C /* ZikrsViewController.swift in Sources */,
				5218F0F8284E71D000DFDFF5 /* TrueFalseTestView.swift in Sources */,
				524AEBC32843844D006D823C /* UITableViewCell + Extensions.swift in Sources */,
				524AEBF728438525006D823C /* 56TableViewCell.swift in Sources */,
				524AEBC72843846D006D823C /* Names.swift in Sources */,
				524AEBC52843844D006D823C /* UICollectionViewCell + Extensions.swift in Sources */,
				529E2DF62843832600974B1E /* AppDelegate.swift in Sources */,
				529E2DF82843832600974B1E /* SceneDelegate.swift in Sources */,
				524AEBC42843844D006D823C /* String + Extensions.swift in Sources */,
				52F102092846571400ED57B2 /* QuizTestView.swift in Sources */,
				524AEBF328438516006D823C /* StatisticsViewController.swift in Sources */,
				524AEBF628438525006D823C /* SettingsCell.swift in Sources */,
				524AEBE7284384FD006D823C /* LessonViewController.swift in Sources */,
				524AEBE1284384E1006D823C /* HomeViewController.swift in Sources */,
			);
			runOnlyForDeploymentPostprocessing = 0;
		};
/* End PBXSourcesBuildPhase section */

/* Begin PBXVariantGroup section */
		529E2E002843832700974B1E /* LaunchScreen.storyboard */ = {
			isa = PBXVariantGroup;
			children = (
				529E2E012843832700974B1E /* Base */,
				524AEBFD28438630006D823C /* ru */,
				52F54A802843867800F2DC0A /* kk */,
			);
			name = LaunchScreen.storyboard;
			sourceTree = "<group>";
		};
/* End PBXVariantGroup section */

/* Begin XCBuildConfiguration section */
		529E2E042843832700974B1E /* Debug */ = {
			isa = XCBuildConfiguration;
			buildSettings = {
				ALWAYS_SEARCH_USER_PATHS = NO;
				CLANG_ANALYZER_LOCALIZABILITY_NONLOCALIZED = YES;
				CLANG_ANALYZER_NONNULL = YES;
				CLANG_ANALYZER_NUMBER_OBJECT_CONVERSION = YES_AGGRESSIVE;
				CLANG_CXX_LANGUAGE_STANDARD = "gnu++17";
				CLANG_ENABLE_MODULES = YES;
				CLANG_ENABLE_OBJC_ARC = YES;
				CLANG_ENABLE_OBJC_WEAK = YES;
				CLANG_WARN_BLOCK_CAPTURE_AUTORELEASING = YES;
				CLANG_WARN_BOOL_CONVERSION = YES;
				CLANG_WARN_COMMA = YES;
				CLANG_WARN_CONSTANT_CONVERSION = YES;
				CLANG_WARN_DEPRECATED_OBJC_IMPLEMENTATIONS = YES;
				CLANG_WARN_DIRECT_OBJC_ISA_USAGE = YES_ERROR;
				CLANG_WARN_DOCUMENTATION_COMMENTS = YES;
				CLANG_WARN_EMPTY_BODY = YES;
				CLANG_WARN_ENUM_CONVERSION = YES;
				CLANG_WARN_INFINITE_RECURSION = YES;
				CLANG_WARN_INT_CONVERSION = YES;
				CLANG_WARN_NON_LITERAL_NULL_CONVERSION = YES;
				CLANG_WARN_OBJC_IMPLICIT_RETAIN_SELF = YES;
				CLANG_WARN_OBJC_LITERAL_CONVERSION = YES;
				CLANG_WARN_OBJC_ROOT_CLASS = YES_ERROR;
				CLANG_WARN_QUOTED_INCLUDE_IN_FRAMEWORK_HEADER = YES;
				CLANG_WARN_RANGE_LOOP_ANALYSIS = YES;
				CLANG_WARN_STRICT_PROTOTYPES = YES;
				CLANG_WARN_SUSPICIOUS_MOVE = YES;
				CLANG_WARN_UNGUARDED_AVAILABILITY = YES_AGGRESSIVE;
				CLANG_WARN_UNREACHABLE_CODE = YES;
				CLANG_WARN__DUPLICATE_METHOD_MATCH = YES;
				COPY_PHASE_STRIP = NO;
				DEBUG_INFORMATION_FORMAT = dwarf;
				ENABLE_STRICT_OBJC_MSGSEND = YES;
				ENABLE_TESTABILITY = YES;
				GCC_C_LANGUAGE_STANDARD = gnu11;
				GCC_DYNAMIC_NO_PIC = NO;
				GCC_NO_COMMON_BLOCKS = YES;
				GCC_OPTIMIZATION_LEVEL = 0;
				GCC_PREPROCESSOR_DEFINITIONS = (
					"DEBUG=1",
					"$(inherited)",
				);
				GCC_WARN_64_TO_32_BIT_CONVERSION = YES;
				GCC_WARN_ABOUT_RETURN_TYPE = YES_ERROR;
				GCC_WARN_UNDECLARED_SELECTOR = YES;
				GCC_WARN_UNINITIALIZED_AUTOS = YES_AGGRESSIVE;
				GCC_WARN_UNUSED_FUNCTION = YES;
				GCC_WARN_UNUSED_VARIABLE = YES;
				IPHONEOS_DEPLOYMENT_TARGET = 13;
				MTL_ENABLE_DEBUG_INFO = INCLUDE_SOURCE;
				MTL_FAST_MATH = YES;
				ONLY_ACTIVE_ARCH = YES;
				SDKROOT = iphoneos;
				SWIFT_ACTIVE_COMPILATION_CONDITIONS = DEBUG;
				SWIFT_OPTIMIZATION_LEVEL = "-Onone";
			};
			name = Debug;
		};
		529E2E052843832700974B1E /* Release */ = {
			isa = XCBuildConfiguration;
			buildSettings = {
				ALWAYS_SEARCH_USER_PATHS = NO;
				CLANG_ANALYZER_LOCALIZABILITY_NONLOCALIZED = YES;
				CLANG_ANALYZER_NONNULL = YES;
				CLANG_ANALYZER_NUMBER_OBJECT_CONVERSION = YES_AGGRESSIVE;
				CLANG_CXX_LANGUAGE_STANDARD = "gnu++17";
				CLANG_ENABLE_MODULES = YES;
				CLANG_ENABLE_OBJC_ARC = YES;
				CLANG_ENABLE_OBJC_WEAK = YES;
				CLANG_WARN_BLOCK_CAPTURE_AUTORELEASING = YES;
				CLANG_WARN_BOOL_CONVERSION = YES;
				CLANG_WARN_COMMA = YES;
				CLANG_WARN_CONSTANT_CONVERSION = YES;
				CLANG_WARN_DEPRECATED_OBJC_IMPLEMENTATIONS = YES;
				CLANG_WARN_DIRECT_OBJC_ISA_USAGE = YES_ERROR;
				CLANG_WARN_DOCUMENTATION_COMMENTS = YES;
				CLANG_WARN_EMPTY_BODY = YES;
				CLANG_WARN_ENUM_CONVERSION = YES;
				CLANG_WARN_INFINITE_RECURSION = YES;
				CLANG_WARN_INT_CONVERSION = YES;
				CLANG_WARN_NON_LITERAL_NULL_CONVERSION = YES;
				CLANG_WARN_OBJC_IMPLICIT_RETAIN_SELF = YES;
				CLANG_WARN_OBJC_LITERAL_CONVERSION = YES;
				CLANG_WARN_OBJC_ROOT_CLASS = YES_ERROR;
				CLANG_WARN_QUOTED_INCLUDE_IN_FRAMEWORK_HEADER = YES;
				CLANG_WARN_RANGE_LOOP_ANALYSIS = YES;
				CLANG_WARN_STRICT_PROTOTYPES = YES;
				CLANG_WARN_SUSPICIOUS_MOVE = YES;
				CLANG_WARN_UNGUARDED_AVAILABILITY = YES_AGGRESSIVE;
				CLANG_WARN_UNREACHABLE_CODE = YES;
				CLANG_WARN__DUPLICATE_METHOD_MATCH = YES;
				COPY_PHASE_STRIP = NO;
				DEBUG_INFORMATION_FORMAT = "dwarf-with-dsym";
				ENABLE_NS_ASSERTIONS = NO;
				ENABLE_STRICT_OBJC_MSGSEND = YES;
				GCC_C_LANGUAGE_STANDARD = gnu11;
				GCC_NO_COMMON_BLOCKS = YES;
				GCC_WARN_64_TO_32_BIT_CONVERSION = YES;
				GCC_WARN_ABOUT_RETURN_TYPE = YES_ERROR;
				GCC_WARN_UNDECLARED_SELECTOR = YES;
				GCC_WARN_UNINITIALIZED_AUTOS = YES_AGGRESSIVE;
				GCC_WARN_UNUSED_FUNCTION = YES;
				GCC_WARN_UNUSED_VARIABLE = YES;
				IPHONEOS_DEPLOYMENT_TARGET = 13;
				MTL_ENABLE_DEBUG_INFO = NO;
				MTL_FAST_MATH = YES;
				SDKROOT = iphoneos;
				SWIFT_COMPILATION_MODE = wholemodule;
				SWIFT_OPTIMIZATION_LEVEL = "-O";
				VALIDATE_PRODUCT = YES;
			};
			name = Release;
		};
		529E2E072843832700974B1E /* Debug */ = {
			isa = XCBuildConfiguration;
			buildSettings = {
				ASSETCATALOG_COMPILER_APPICON_NAME = AppIcon;
				ASSETCATALOG_COMPILER_GLOBAL_ACCENT_COLOR_NAME = AccentColor;
				CODE_SIGN_STYLE = Automatic;
				CURRENT_PROJECT_VERSION = 1;
				DEVELOPMENT_TEAM = 592GN4T7BY;
				GENERATE_INFOPLIST_FILE = YES;
				INFOPLIST_FILE = Rawdah/App/Info.plist;
				INFOPLIST_KEY_UIApplicationSupportsIndirectInputEvents = YES;
				INFOPLIST_KEY_UILaunchStoryboardName = LaunchScreen;
				INFOPLIST_KEY_UISupportedInterfaceOrientations_iPad = "UIInterfaceOrientationPortrait UIInterfaceOrientationPortraitUpsideDown UIInterfaceOrientationLandscapeLeft UIInterfaceOrientationLandscapeRight";
				INFOPLIST_KEY_UISupportedInterfaceOrientations_iPhone = "UIInterfaceOrientationPortrait UIInterfaceOrientationLandscapeLeft UIInterfaceOrientationLandscapeRight";
				LD_RUNPATH_SEARCH_PATHS = (
					"$(inherited)",
					"@executable_path/Frameworks",
				);
				MARKETING_VERSION = 1.0;
				PRODUCT_BUNDLE_IDENTIFIER = io.startcode.rawdah;
				PRODUCT_NAME = "$(TARGET_NAME)";
				SWIFT_EMIT_LOC_STRINGS = YES;
				SWIFT_VERSION = 5.0;
				TARGETED_DEVICE_FAMILY = "1,2";
			};
			name = Debug;
		};
		529E2E082843832700974B1E /* Release */ = {
			isa = XCBuildConfiguration;
			buildSettings = {
				ASSETCATALOG_COMPILER_APPICON_NAME = AppIcon;
				ASSETCATALOG_COMPILER_GLOBAL_ACCENT_COLOR_NAME = AccentColor;
				CODE_SIGN_STYLE = Automatic;
				CURRENT_PROJECT_VERSION = 1;
				DEVELOPMENT_TEAM = 592GN4T7BY;
				GENERATE_INFOPLIST_FILE = YES;
				INFOPLIST_FILE = Rawdah/App/Info.plist;
				INFOPLIST_KEY_UIApplicationSupportsIndirectInputEvents = YES;
				INFOPLIST_KEY_UILaunchStoryboardName = LaunchScreen;
				INFOPLIST_KEY_UISupportedInterfaceOrientations_iPad = "UIInterfaceOrientationPortrait UIInterfaceOrientationPortraitUpsideDown UIInterfaceOrientationLandscapeLeft UIInterfaceOrientationLandscapeRight";
				INFOPLIST_KEY_UISupportedInterfaceOrientations_iPhone = "UIInterfaceOrientationPortrait UIInterfaceOrientationLandscapeLeft UIInterfaceOrientationLandscapeRight";
				LD_RUNPATH_SEARCH_PATHS = (
					"$(inherited)",
					"@executable_path/Frameworks",
				);
				MARKETING_VERSION = 1.0;
				PRODUCT_BUNDLE_IDENTIFIER = io.startcode.rawdah;
				PRODUCT_NAME = "$(TARGET_NAME)";
				SWIFT_EMIT_LOC_STRINGS = YES;
				SWIFT_VERSION = 5.0;
				TARGETED_DEVICE_FAMILY = "1,2";
			};
			name = Release;
		};
/* End XCBuildConfiguration section */

/* Begin XCConfigurationList section */
		529E2DED2843832600974B1E /* Build configuration list for PBXProject "Rawdah" */ = {
			isa = XCConfigurationList;
			buildConfigurations = (
				529E2E042843832700974B1E /* Debug */,
				529E2E052843832700974B1E /* Release */,
			);
			defaultConfigurationIsVisible = 0;
			defaultConfigurationName = Release;
		};
		529E2E062843832700974B1E /* Build configuration list for PBXNativeTarget "Rawdah" */ = {
			isa = XCConfigurationList;
			buildConfigurations = (
				529E2E072843832700974B1E /* Debug */,
				529E2E082843832700974B1E /* Release */,
			);
			defaultConfigurationIsVisible = 0;
			defaultConfigurationName = Release;
		};
/* End XCConfigurationList section */

/* Begin XCRemoteSwiftPackageReference section */
		5218F0F9284E927700DFDFF5 /* XCRemoteSwiftPackageReference "SPConfetti" */ = {
			isa = XCRemoteSwiftPackageReference;
			repositoryURL = "https://github.com/ivanvorobei/SPConfetti";
			requirement = {
				kind = upToNextMajorVersion;
				minimumVersion = 1.4.0;
			};
		};
		524AEBFA2843858E006D823C /* XCRemoteSwiftPackageReference "Stevia" */ = {
			isa = XCRemoteSwiftPackageReference;
			repositoryURL = "https://github.com/freshOS/Stevia";
			requirement = {
				kind = upToNextMajorVersion;
				minimumVersion = 5.0.0;
			};
		};
		52BD820E284412A7000A9E61 /* XCRemoteSwiftPackageReference "realm-swift" */ = {
			isa = XCRemoteSwiftPackageReference;
			repositoryURL = "https://github.com/realm/realm-swift";
			requirement = {
				kind = upToNextMajorVersion;
				minimumVersion = 10.25.2;
			};
		};
/* End XCRemoteSwiftPackageReference section */

/* Begin XCSwiftPackageProductDependency section */
		5218F0FA284E927700DFDFF5 /* SPConfetti */ = {
			isa = XCSwiftPackageProductDependency;
			package = 5218F0F9284E927700DFDFF5 /* XCRemoteSwiftPackageReference "SPConfetti" */;
			productName = SPConfetti;
		};
		524AEBFB2843858E006D823C /* Stevia */ = {
			isa = XCSwiftPackageProductDependency;
			package = 524AEBFA2843858E006D823C /* XCRemoteSwiftPackageReference "Stevia" */;
			productName = Stevia;
		};
		52BD820F284412A7000A9E61 /* Realm */ = {
			isa = XCSwiftPackageProductDependency;
			package = 52BD820E284412A7000A9E61 /* XCRemoteSwiftPackageReference "realm-swift" */;
			productName = Realm;
		};
		52BD8211284412A7000A9E61 /* RealmSwift */ = {
			isa = XCSwiftPackageProductDependency;
			package = 52BD820E284412A7000A9E61 /* XCRemoteSwiftPackageReference "realm-swift" */;
			productName = RealmSwift;
		};
/* End XCSwiftPackageProductDependency section */
	};
	rootObject = 529E2DEA2843832600974B1E /* Project object */;
}
